
Microsoft Visual Studio Solution File, Format Version 12.00
# Visual Studio Version 17
VisualStudioVersion = 17.8.34525.116
MinimumVisualStudioVersion = 10.0.40219.1
Project("{FAE04EC0-301F-11D3-BF4B-00C04F79EFBC}") = "ArmaSOGClient", "ArmaSOGClient\ArmaSOGClient.csproj", "{D449EF7E-8855-4889-B8CA-A87BA19DF7DA}"
EndProject
Global
	GlobalSection(SolutionConfigurationPlatforms) = preSolution
		Debug|Any CPU = Debug|Any CPU
		Debug|x64 = Debug|x64
		Release|Any CPU = Release|Any CPU
		Release|x64 = Release|x64
	EndGlobalSection
	GlobalSection(ProjectConfigurationPlatforms) = postSolution
		{D449EF7E-8855-4889-B8CA-A87BA19DF7DA}.Debug|Any CPU.ActiveCfg = Debug|Any CPU
		{D449EF7E-8855-4889-B8CA-A87BA19DF7DA}.Debug|Any CPU.Build.0 = Debug|Any CPU
		{D449EF7E-8855-4889-B8CA-A87BA19DF7DA}.Debug|x64.ActiveCfg = Release|x64
		{D449EF7E-8855-4889-B8CA-A87BA19DF7DA}.Debug|x64.Build.0 = Release|x64
		{D449EF7E-8855-4889-B8CA-A87BA19DF7DA}.Release|Any CPU.ActiveCfg = Release|Any CPU
		{D449EF7E-8855-4889-B8CA-A87BA19DF7DA}.Release|Any CPU.Build.0 = Release|Any CPU
		{D449EF7E-8855-4889-B8CA-A87BA19DF7DA}.Release|x64.ActiveCfg = Release|x64
		{D449EF7E-8855-4889-B8CA-A87BA19DF7DA}.Release|x64.Build.0 = Release|x64
	EndGlobalSection
	GlobalSection(SolutionProperties) = preSolution
		HideSolutionNode = FALSE
	EndGlobalSection
	GlobalSection(ExtensibilityGlobals) = postSolution
		SolutionGuid = {299075A7-4D75-429F-825B-9756C35A4AD7}
	EndGlobalSection
EndGlobal
